
Microsoft Visual Studio Solution File, Format Version 12.00
# Visual Studio Version 17
VisualStudioVersion = 17.5.33627.172
MinimumVisualStudioVersion = 10.0.40219.1
Project("{FAE04EC0-301F-11D3-BF4B-00C04F79EFBC}") = "MVCCRUD", "MVCCRUD\MVCCRUD.csproj", "{1C03442B-B2AD-4471-8014-6EDE36E6D014}"
EndProject
Global
	GlobalSection(SolutionConfigurationPlatforms) = preSolution
		Debug|Any CPU = Debug|Any CPU
		Release|Any CPU = Release|Any CPU
	EndGlobalSection
	GlobalSection(ProjectConfigurationPlatforms) = postSolution
		{1C03442B-B2AD-4471-8014-6EDE36E6D014}.Debug|Any CPU.ActiveCfg = Debug|Any CPU
		{1C03442B-B2AD-4471-8014-6EDE36E6D014}.Debug|Any CPU.Build.0 = Debug|Any CPU
		{1C03442B-B2AD-4471-8014-6EDE36E6D014}.Release|Any CPU.ActiveCfg = Release|Any CPU
		{1C03442B-B2AD-4471-8014-6EDE36E6D014}.Release|Any CPU.Build.0 = Release|Any CPU
	EndGlobalSection
	GlobalSection(SolutionProperties) = preSolution
		HideSolutionNode = FALSE
	EndGlobalSection
	GlobalSection(ExtensibilityGlobals) = postSolution
		SolutionGuid = {A1C791CB-2B7B-4597-8B6B-22BB18C24D13}
	EndGlobalSection
EndGlobal
